
Microsoft Visual Studio Solution File, Format Version 12.00
# Visual Studio Version 16
VisualStudioVersion = 16.0.34729.46
MinimumVisualStudioVersion = 10.0.40219.1
Project("{FAE04EC0-301F-11D3-BF4B-00C04F79EFBC}") = "Verificar Idade", "Verificar Idade\Verificar Idade.csproj", "{EC1AFE3F-BAC3-42E1-A6CD-091C9C8030A9}"
EndProject
Global
	GlobalSection(SolutionConfigurationPlatforms) = preSolution
		Debug|Any CPU = Debug|Any CPU
		Release|Any CPU = Release|Any CPU
	EndGlobalSection
	GlobalSection(ProjectConfigurationPlatforms) = postSolution
		{EC1AFE3F-BAC3-42E1-A6CD-091C9C8030A9}.Debug|Any CPU.ActiveCfg = Debug|Any CPU
		{EC1AFE3F-BAC3-42E1-A6CD-091C9C8030A9}.Debug|Any CPU.Build.0 = Debug|Any CPU
		{EC1AFE3F-BAC3-42E1-A6CD-091C9C8030A9}.Release|Any CPU.ActiveCfg = Release|Any CPU
		{EC1AFE3F-BAC3-42E1-A6CD-091C9C8030A9}.Release|Any CPU.Build.0 = Release|Any CPU
	EndGlobalSection
	GlobalSection(SolutionProperties) = preSolution
		HideSolutionNode = FALSE
	EndGlobalSection
	GlobalSection(ExtensibilityGlobals) = postSolution
		SolutionGuid = {D1486103-C44B-40A8-A2B5-CEB99950C86F}
	EndGlobalSection
EndGlobal
