
Microsoft Visual Studio Solution File, Format Version 12.00
# Visual Studio Version 16
VisualStudioVersion = 16.0.34601.136
MinimumVisualStudioVersion = 10.0.40219.1
Project("{FAE04EC0-301F-11D3-BF4B-00C04F79EFBC}") = "Cálculo de notas", "Cálculo de notas\Cálculo de notas.csproj", "{82DCC1C4-7558-4034-A9DB-870F96F6F5E3}"
EndProject
Global
	GlobalSection(SolutionConfigurationPlatforms) = preSolution
		Debug|Any CPU = Debug|Any CPU
		Release|Any CPU = Release|Any CPU
	EndGlobalSection
	GlobalSection(ProjectConfigurationPlatforms) = postSolution
		{82DCC1C4-7558-4034-A9DB-870F96F6F5E3}.Debug|Any CPU.ActiveCfg = Debug|Any CPU
		{82DCC1C4-7558-4034-A9DB-870F96F6F5E3}.Debug|Any CPU.Build.0 = Debug|Any CPU
		{82DCC1C4-7558-4034-A9DB-870F96F6F5E3}.Release|Any CPU.ActiveCfg = Release|Any CPU
		{82DCC1C4-7558-4034-A9DB-870F96F6F5E3}.Release|Any CPU.Build.0 = Release|Any CPU
	EndGlobalSection
	GlobalSection(SolutionProperties) = preSolution
		HideSolutionNode = FALSE
	EndGlobalSection
	GlobalSection(ExtensibilityGlobals) = postSolution
		SolutionGuid = {E5E01850-AA35-4ECF-9CC2-2D7BA339411C}
	EndGlobalSection
EndGlobal
